// !$*UTF8*$!
{
	archiveVersion = 1;
	classes = {
	};
	objectVersion = 48;
	objects = {

/* Begin PBXBuildFile section */
		FA15F2EF1F4E63E50051A334 /* AppDelegate.swift in Sources */ = {isa = PBXBuildFile; fileRef = FA15F2EE1F4E63E50051A334 /* AppDelegate.swift */; };
		FA15F2F41F4E63E50051A334 /* Main.storyboard in Resources */ = {isa = PBXBuildFile; fileRef = FA15F2F21F4E63E50051A334 /* Main.storyboard */; };
		FA15F2F61F4E63E50051A334 /* Assets.xcassets in Resources */ = {isa = PBXBuildFile; fileRef = FA15F2F51F4E63E50051A334 /* Assets.xcassets */; };
		FA15F2F91F4E63E50051A334 /* LaunchScreen.storyboard in Resources */ = {isa = PBXBuildFile; fileRef = FA15F2F71F4E63E50051A334 /* LaunchScreen.storyboard */; };
		FA15F3011F4E646F0051A334 /* AnimalModel.swift in Sources */ = {isa = PBXBuildFile; fileRef = FA15F3001F4E646F0051A334 /* AnimalModel.swift */; };
		FA15F3031F4E649E0051A334 /* AnimalDetailTableViewController.swift in Sources */ = {isa = PBXBuildFile; fileRef = FA15F3021F4E649E0051A334 /* AnimalDetailTableViewController.swift */; };
		FA15F3071F4E65660051A334 /* AnimalDetailTableViewCell.swift in Sources */ = {isa = PBXBuildFile; fileRef = FA15F3061F4E65660051A334 /* AnimalDetailTableViewCell.swift */; };
		FA15F3091F4E65A00051A334 /* SuggestionCollectionViewCell.swift in Sources */ = {isa = PBXBuildFile; fileRef = FA15F3081F4E65A00051A334 /* SuggestionCollectionViewCell.swift */; };
		FA15F30B1F4E65C60051A334 /* SuggestionTableViewCell.swift in Sources */ = {isa = PBXBuildFile; fileRef = FA15F30A1F4E65C60051A334 /* SuggestionTableViewCell.swift */; };
		FA15F3211F4E66180051A334 /* FeedTableViewController.swift in Sources */ = {isa = PBXBuildFile; fileRef = FA15F31F1F4E66180051A334 /* FeedTableViewController.swift */; };
		FA15F3221F4E66180051A334 /* FeedAnimalTableViewCell.swift in Sources */ = {isa = PBXBuildFile; fileRef = FA15F3201F4E66180051A334 /* FeedAnimalTableViewCell.swift */; };
		FA15F3251F4E66200051A334 /* ShoppingBagTableViewController.swift in Sources */ = {isa = PBXBuildFile; fileRef = FA15F3231F4E661F0051A334 /* ShoppingBagTableViewController.swift */; };
		FA15F3261F4E66200051A334 /* CheckoutTableViewController.swift in Sources */ = {isa = PBXBuildFile; fileRef = FA15F3241F4E661F0051A334 /* CheckoutTableViewController.swift */; };
		FA15F32B1F4E6C8F0051A334 /* Info.plist in Resources */ = {isa = PBXBuildFile; fileRef = FA15F2FA1F4E63E50051A334 /* Info.plist */; };
		FA3112EC1F516301003DE79B /* AnimalImageViewController.swift in Sources */ = {isa = PBXBuildFile; fileRef = FA3112EB1F516301003DE79B /* AnimalImageViewController.swift */; };
		FA3112EE1F5163AC003DE79B /* AnimalImagesPageViewController.swift in Sources */ = {isa = PBXBuildFile; fileRef = FA3112ED1F5163AC003DE79B /* AnimalImagesPageViewController.swift */; };
		FA3112F01F516E91003DE79B /* AnimalImagesHeaderView.swift in Sources */ = {isa = PBXBuildFile; fileRef = FA3112EF1F516E91003DE79B /* AnimalImagesHeaderView.swift */; };
/* End PBXBuildFile section */

/* Begin PBXFileReference section */
		FA15F2EB1F4E63E50051A334 /* WongFu Store.app */ = {isa = PBXFileReference; explicitFileType = wrapper.application; includeInIndex = 0; path = "WongFu Store.app"; sourceTree = BUILT_PRODUCTS_DIR; };
		FA15F2EE1F4E63E50051A334 /* AppDelegate.swift */ = {isa = PBXFileReference; lastKnownFileType = sourcecode.swift; path = AppDelegate.swift; sourceTree = "<group>"; };
		FA15F2F31F4E63E50051A334 /* Base */ = {isa = PBXFileReference; lastKnownFileType = file.storyboard; name = Base; path = Base.lproj/Main.storyboard; sourceTree = "<group>"; };
		FA15F2F51F4E63E50051A334 /* Assets.xcassets */ = {isa = PBXFileReference; lastKnownFileType = folder.assetcatalog; path = Assets.xcassets; sourceTree = "<group>"; };
		FA15F2F81F4E63E50051A334 /* Base */ = {isa = PBXFileReference; lastKnownFileType = file.storyboard; name = Base; path = Base.lproj/LaunchScreen.storyboard; sourceTree = "<group>"; };
		FA15F2FA1F4E63E50051A334 /* Info.plist */ = {isa = PBXFileReference; lastKnownFileType = text.plist.xml; path = Info.plist; sourceTree = "<group>"; };
		FA15F3001F4E646F0051A334 /* AnimalModel.swift */ = {isa = PBXFileReference; lastKnownFileType = sourcecode.swift; path = AnimalModel.swift; sourceTree = "<group>"; };
		FA15F3021F4E649E0051A334 /* AnimalDetailTableViewController.swift */ = {isa = PBXFileReference; lastKnownFileType = sourcecode.swift; path = AnimalDetailTableViewController.swift; sourceTree = "<group>"; };
		FA15F3061F4E65660051A334 /* AnimalDetailTableViewCell.swift */ = {isa = PBXFileReference; lastKnownFileType = sourcecode.swift; path = AnimalDetailTableViewCell.swift; sourceTree = "<group>"; };
		FA15F3081F4E65A00051A334 /* SuggestionCollectionViewCell.swift */ = {isa = PBXFileReference; lastKnownFileType = sourcecode.swift; path = SuggestionCollectionViewCell.swift; sourceTree = "<group>"; };
		FA15F30A1F4E65C60051A334 /* SuggestionTableViewCell.swift */ = {isa = PBXFileReference; lastKnownFileType = sourcecode.swift; path = SuggestionTableViewCell.swift; sourceTree = "<group>"; };
		FA15F31F1F4E66180051A334 /* FeedTableViewController.swift */ = {isa = PBXFileReference; lastKnownFileType = sourcecode.swift; path = FeedTableViewController.swift; sourceTree = "<group>"; };
		FA15F3201F4E66180051A334 /* FeedAnimalTableViewCell.swift */ = {isa = PBXFileReference; lastKnownFileType = sourcecode.swift; path = FeedAnimalTableViewCell.swift; sourceTree = "<group>"; };
		FA15F3231F4E661F0051A334 /* ShoppingBagTableViewController.swift */ = {isa = PBXFileReference; lastKnownFileType = sourcecode.swift; path = ShoppingBagTableViewController.swift; sourceTree = "<group>"; };
		FA15F3241F4E661F0051A334 /* CheckoutTableViewController.swift */ = {isa = PBXFileReference; lastKnownFileType = sourcecode.swift; path = CheckoutTableViewController.swift; sourceTree = "<group>"; };
		FA3112EB1F516301003DE79B /* AnimalImageViewController.swift */ = {isa = PBXFileReference; lastKnownFileType = sourcecode.swift; path = AnimalImageViewController.swift; sourceTree = "<group>"; };
		FA3112ED1F5163AC003DE79B /* AnimalImagesPageViewController.swift */ = {isa = PBXFileReference; lastKnownFileType = sourcecode.swift; path = AnimalImagesPageViewController.swift; sourceTree = "<group>"; };
		FA3112EF1F516E91003DE79B /* AnimalImagesHeaderView.swift */ = {isa = PBXFileReference; lastKnownFileType = sourcecode.swift; path = AnimalImagesHeaderView.swift; sourceTree = "<group>"; };
/* End PBXFileReference section */

/* Begin PBXFrameworksBuildPhase section */
		FA15F2E81F4E63E50051A334 /* Frameworks */ = {
			isa = PBXFrameworksBuildPhase;
			buildActionMask = 2147483647;
			files = (
			);
			runOnlyForDeploymentPostprocessing = 0;
		};
/* End PBXFrameworksBuildPhase section */

/* Begin PBXGroup section */
		FA15F2E21F4E63E50051A334 = {
			isa = PBXGroup;
			children = (
				FA15F2ED1F4E63E50051A334 /* WongFu Store */,
				FA15F2EC1F4E63E50051A334 /* Products */,
			);
			sourceTree = "<group>";
		};
		FA15F2EC1F4E63E50051A334 /* Products */ = {
			isa = PBXGroup;
			children = (
				FA15F2EB1F4E63E50051A334 /* WongFu Store.app */,
			);
			name = Products;
			sourceTree = "<group>";
		};
		FA15F2ED1F4E63E50051A334 /* WongFu Store */ = {
			isa = PBXGroup;
			children = (
				FA15F3271F4E69FB0051A334 /* Model */,
				FA15F32A1F4E6A750051A334 /* View */,
				FA15F3291F4E6A2B0051A334 /* Controller */,
				FA15F3281F4E6A0B0051A334 /* Supporting Files */,
			);
			path = "WongFu Store";
			sourceTree = "<group>";
		};
		FA15F3271F4E69FB0051A334 /* Model */ = {
			isa = PBXGroup;
			children = (
				FA15F3001F4E646F0051A334 /* AnimalModel.swift */,
			);
			path = Model;
			sourceTree = "<group>";
		};
		FA15F3281F4E6A0B0051A334 /* Supporting Files */ = {
			isa = PBXGroup;
			children = (
				FA15F2EE1F4E63E50051A334 /* AppDelegate.swift */,
				FA15F2F51F4E63E50051A334 /* Assets.xcassets */,
				FA15F2F71F4E63E50051A334 /* LaunchScreen.storyboard */,
				FA15F2FA1F4E63E50051A334 /* Info.plist */,
			);
			path = "Supporting Files";
			sourceTree = "<group>";
		};
		FA15F3291F4E6A2B0051A334 /* Controller */ = {
			isa = PBXGroup;
			children = (
				FA15F31F1F4E66180051A334 /* FeedTableViewController.swift */,
				FA15F3021F4E649E0051A334 /* AnimalDetailTableViewController.swift */,
				FA15F3231F4E661F0051A334 /* ShoppingBagTableViewController.swift */,
				FA15F3241F4E661F0051A334 /* CheckoutTableViewController.swift */,
				FA3112EB1F516301003DE79B /* AnimalImageViewController.swift */,
				FA3112ED1F5163AC003DE79B /* AnimalImagesPageViewController.swift */,
			);
			path = Controller;
			sourceTree = "<group>";
		};
		FA15F32A1F4E6A750051A334 /* View */ = {
			isa = PBXGroup;
			children = (
				FA15F2F21F4E63E50051A334 /* Main.storyboard */,
				FA15F3201F4E66180051A334 /* FeedAnimalTableViewCell.swift */,
				FA15F3061F4E65660051A334 /* AnimalDetailTableViewCell.swift */,
				FA15F3081F4E65A00051A334 /* SuggestionCollectionViewCell.swift */,
				FA15F30A1F4E65C60051A334 /* SuggestionTableViewCell.swift */,
				FA3112EF1F516E91003DE79B /* AnimalImagesHeaderView.swift */,
			);
			path = View;
			sourceTree = "<group>";
		};
/* End PBXGroup section */

/* Begin PBXNativeTarget section */
		FA15F2EA1F4E63E50051A334 /* WongFu Store */ = {
			isa = PBXNativeTarget;
			buildConfigurationList = FA15F2FD1F4E63E50051A334 /* Build configuration list for PBXNativeTarget "WongFu Store" */;
			buildPhases = (
				FA15F2E71F4E63E50051A334 /* Sources */,
				FA15F2E81F4E63E50051A334 /* Frameworks */,
				FA15F2E91F4E63E50051A334 /* Resources */,
			);
			buildRules = (
			);
			dependencies = (
			);
			name = "WongFu Store";
			productName = "Nike Shop";
			productReference = FA15F2EB1F4E63E50051A334 /* WongFu Store.app */;
			productType = "com.apple.product-type.application";
		};
/* End PBXNativeTarget section */

/* Begin PBXProject section */
		FA15F2E31F4E63E50051A334 /* Project object */ = {
			isa = PBXProject;
			attributes = {
				LastSwiftUpdateCheck = 0900;
				LastUpgradeCheck = 0900;
				ORGANIZATIONNAME = "Alex Wong";
				TargetAttributes = {
					FA15F2EA1F4E63E50051A334 = {
						CreatedOnToolsVersion = 9.0;
					};
				};
			};
			buildConfigurationList = FA15F2E61F4E63E50051A334 /* Build configuration list for PBXProject "WongFu Store" */;
			compatibilityVersion = "Xcode 8.0";
			developmentRegion = en;
			hasScannedForEncodings = 0;
			knownRegions = (
				en,
				Base,
			);
			mainGroup = FA15F2E21F4E63E50051A334;
			productRefGroup = FA15F2EC1F4E63E50051A334 /* Products */;
			projectDirPath = "";
			projectRoot = "";
			targets = (
				FA15F2EA1F4E63E50051A334 /* WongFu Store */,
			);
		};
/* End PBXProject section */

/* Begin PBXResourcesBuildPhase section */
		FA15F2E91F4E63E50051A334 /* Resources */ = {
			isa = PBXResourcesBuildPhase;
			buildActionMask = 2147483647;
			files = (
				FA15F32B1F4E6C8F0051A334 /* Info.plist in Resources */,
				FA15F2F91F4E63E50051A334 /* LaunchScreen.storyboard in Resources */,
				FA15F2F61F4E63E50051A334 /* Assets.xcassets in Resources */,
				FA15F2F41F4E63E50051A334 /* Main.storyboard in Resources */,
			);
			runOnlyForDeploymentPostprocessing = 0;
		};
/* End PBXResourcesBuildPhase section */

/* Begin PBXSourcesBuildPhase section */
		FA15F2E71F4E63E50051A334 /* Sources */ = {
			isa = PBXSourcesBuildPhase;
			buildActionMask = 2147483647;
			files = (
				FA15F3251F4E66200051A334 /* ShoppingBagTableViewController.swift in Sources */,
				FA15F3031F4E649E0051A334 /* AnimalDetailTableViewController.swift in Sources */,
				FA3112EC1F516301003DE79B /* AnimalImageViewController.swift in Sources */,
				FA3112EE1F5163AC003DE79B /* AnimalImagesPageViewController.swift in Sources */,
				FA15F3091F4E65A00051A334 /* SuggestionCollectionViewCell.swift in Sources */,
				FA15F3211F4E66180051A334 /* FeedTableViewController.swift in Sources */,
				FA15F30B1F4E65C60051A334 /* SuggestionTableViewCell.swift in Sources */,
				FA15F3221F4E66180051A334 /* FeedAnimalTableViewCell.swift in Sources */,
				FA15F3011F4E646F0051A334 /* AnimalModel.swift in Sources */,
				FA15F3071F4E65660051A334 /* AnimalDetailTableViewCell.swift in Sources */,
				FA15F2EF1F4E63E50051A334 /* AppDelegate.swift in Sources */,
				FA15F3261F4E66200051A334 /* CheckoutTableViewController.swift in Sources */,
				FA3112F01F516E91003DE79B /* AnimalImagesHeaderView.swift in Sources */,
			);
			runOnlyForDeploymentPostprocessing = 0;
		};
/* End PBXSourcesBuildPhase section */

/* Begin PBXVariantGroup section */
		FA15F2F21F4E63E50051A334 /* Main.storyboard */ = {
			isa = PBXVariantGroup;
			children = (
				FA15F2F31F4E63E50051A334 /* Base */,
			);
			name = Main.storyboard;
			sourceTree = "<group>";
		};
		FA15F2F71F4E63E50051A334 /* LaunchScreen.storyboard */ = {
			isa = PBXVariantGroup;
			children = (
				FA15F2F81F4E63E50051A334 /* Base */,
			);
			name = LaunchScreen.storyboard;
			sourceTree = "<group>";
		};
/* End PBXVariantGroup section */

/* Begin XCBuildConfiguration section */
		FA15F2FB1F4E63E50051A334 /* Debug */ = {
			isa = XCBuildConfiguration;
			buildSettings = {
				ALWAYS_SEARCH_USER_PATHS = NO;
				CLANG_ANALYZER_NONNULL = YES;
				CLANG_ANALYZER_NUMBER_OBJECT_CONVERSION = YES_AGGRESSIVE;
				CLANG_CXX_LANGUAGE_STANDARD = "gnu++14";
				CLANG_CXX_LIBRARY = "libc++";
				CLANG_ENABLE_MODULES = YES;
				CLANG_ENABLE_OBJC_ARC = YES;
				CLANG_WARN_BLOCK_CAPTURE_AUTORELEASING = YES;
				CLANG_WARN_BOOL_CONVERSION = YES;
				CLANG_WARN_COMMA = YES;
				CLANG_WARN_CONSTANT_CONVERSION = YES;
				CLANG_WARN_DIRECT_OBJC_ISA_USAGE = YES_ERROR;
				CLANG_WARN_DOCUMENTATION_COMMENTS = YES;
				CLANG_WARN_EMPTY_BODY = YES;
				CLANG_WARN_ENUM_CONVERSION = YES;
				CLANG_WARN_INFINITE_RECURSION = YES;
				CLANG_WARN_INT_CONVERSION = YES;
				CLANG_WARN_NON_LITERAL_NULL_CONVERSION = YES;
				CLANG_WARN_OBJC_LITERAL_CONVERSION = YES;
				CLANG_WARN_OBJC_ROOT_CLASS = YES_ERROR;
				CLANG_WARN_RANGE_LOOP_ANALYSIS = YES;
				CLANG_WARN_STRICT_PROTOTYPES = YES;
				CLANG_WARN_SUSPICIOUS_MOVE = YES;
				CLANG_WARN_UNGUARDED_AVAILABILITY = YES_AGGRESSIVE;
				CLANG_WARN_UNREACHABLE_CODE = YES;
				CLANG_WARN__DUPLICATE_METHOD_MATCH = YES;
				CODE_SIGN_IDENTITY = "iPhone Developer";
				COPY_PHASE_STRIP = NO;
				DEBUG_INFORMATION_FORMAT = dwarf;
				ENABLE_STRICT_OBJC_MSGSEND = YES;
				ENABLE_TESTABILITY = YES;
				GCC_C_LANGUAGE_STANDARD = gnu11;
				GCC_DYNAMIC_NO_PIC = NO;
				GCC_NO_COMMON_BLOCKS = YES;
				GCC_OPTIMIZATION_LEVEL = 0;
				GCC_PREPROCESSOR_DEFINITIONS = (
					"DEBUG=1",
					"$(inherited)",
				);
				GCC_WARN_64_TO_32_BIT_CONVERSION = YES;
				GCC_WARN_ABOUT_RETURN_TYPE = YES_ERROR;
				GCC_WARN_UNDECLARED_SELECTOR = YES;
				GCC_WARN_UNINITIALIZED_AUTOS = YES_AGGRESSIVE;
				GCC_WARN_UNUSED_FUNCTION = YES;
				GCC_WARN_UNUSED_VARIABLE = YES;
				IPHONEOS_DEPLOYMENT_TARGET = 11.0;
				MTL_ENABLE_DEBUG_INFO = YES;
				ONLY_ACTIVE_ARCH = YES;
				SDKROOT = iphoneos;
				SWIFT_ACTIVE_COMPILATION_CONDITIONS = DEBUG;
				SWIFT_OPTIMIZATION_LEVEL = "-Onone";
			};
			name = Debug;
		};
		FA15F2FC1F4E63E50051A334 /* Release */ = {
			isa = XCBuildConfiguration;
			buildSettings = {
				ALWAYS_SEARCH_USER_PATHS = NO;
				CLANG_ANALYZER_NONNULL = YES;
				CLANG_ANALYZER_NUMBER_OBJECT_CONVERSION = YES_AGGRESSIVE;
				CLANG_CXX_LANGUAGE_STANDARD = "gnu++14";
				CLANG_CXX_LIBRARY = "libc++";
				CLANG_ENABLE_MODULES = YES;
				CLANG_ENABLE_OBJC_ARC = YES;
				CLANG_WARN_BLOCK_CAPTURE_AUTORELEASING = YES;
				CLANG_WARN_BOOL_CONVERSION = YES;
				CLANG_WARN_COMMA = YES;
				CLANG_WARN_CONSTANT_CONVERSION = YES;
				CLANG_WARN_DIRECT_OBJC_ISA_USAGE = YES_ERROR;
				CLANG_WARN_DOCUMENTATION_COMMENTS = YES;
				CLANG_WARN_EMPTY_BODY = YES;
				CLANG_WARN_ENUM_CONVERSION = YES;
				CLANG_WARN_INFINITE_RECURSION = YES;
				CLANG_WARN_INT_CONVERSION = YES;
				CLANG_WARN_NON_LITERAL_NULL_CONVERSION = YES;
				CLANG_WARN_OBJC_LITERAL_CONVERSION = YES;
				CLANG_WARN_OBJC_ROOT_CLASS = YES_ERROR;
				CLANG_WARN_RANGE_LOOP_ANALYSIS = YES;
				CLANG_WARN_STRICT_PROTOTYPES = YES;
				CLANG_WARN_SUSPICIOUS_MOVE = YES;
				CLANG_WARN_UNGUARDED_AVAILABILITY = YES_AGGRESSIVE;
				CLANG_WARN_UNREACHABLE_CODE = YES;
				CLANG_WARN__DUPLICATE_METHOD_MATCH = YES;
				CODE_SIGN_IDENTITY = "iPhone Developer";
				COPY_PHASE_STRIP = NO;
				DEBUG_INFORMATION_FORMAT = "dwarf-with-dsym";
				ENABLE_NS_ASSERTIONS = NO;
				ENABLE_STRICT_OBJC_MSGSEND = YES;
				GCC_C_LANGUAGE_STANDARD = gnu11;
				GCC_NO_COMMON_BLOCKS = YES;
				GCC_WARN_64_TO_32_BIT_CONVERSION = YES;
				GCC_WARN_ABOUT_RETURN_TYPE = YES_ERROR;
				GCC_WARN_UNDECLARED_SELECTOR = YES;
				GCC_WARN_UNINITIALIZED_AUTOS = YES_AGGRESSIVE;
				GCC_WARN_UNUSED_FUNCTION = YES;
				GCC_WARN_UNUSED_VARIABLE = YES;
				IPHONEOS_DEPLOYMENT_TARGET = 11.0;
				MTL_ENABLE_DEBUG_INFO = NO;
				SDKROOT = iphoneos;
				SWIFT_OPTIMIZATION_LEVEL = "-Owholemodule";
				VALIDATE_PRODUCT = YES;
			};
			name = Release;
		};
		FA15F2FE1F4E63E50051A334 /* Debug */ = {
			isa = XCBuildConfiguration;
			buildSettings = {
				ASSETCATALOG_COMPILER_APPICON_NAME = AppIcon;
				DEVELOPMENT_TEAM = 7DZAV3VM24;
				INFOPLIST_FILE = "$(SRCROOT)/WongFu Store/Supporting Files/Info.plist";
				LD_RUNPATH_SEARCH_PATHS = "$(inherited) @executable_path/Frameworks";
				PRODUCT_BUNDLE_IDENTIFIER = "com.alwongg.Nike-Shop";
				PRODUCT_NAME = "$(TARGET_NAME)";
				SWIFT_VERSION = 4.0;
				TARGETED_DEVICE_FAMILY = "1,2";
			};
			name = Debug;
		};
		FA15F2FF1F4E63E50051A334 /* Release */ = {
			isa = XCBuildConfiguration;
			buildSettings = {
				ASSETCATALOG_COMPILER_APPICON_NAME = AppIcon;
				DEVELOPMENT_TEAM = 7DZAV3VM24;
				INFOPLIST_FILE = "$(SRCROOT)/WongFu Store/Supporting Files/Info.plist";
				LD_RUNPATH_SEARCH_PATHS = "$(inherited) @executable_path/Frameworks";
				PRODUCT_BUNDLE_IDENTIFIER = "com.alwongg.Nike-Shop";
				PRODUCT_NAME = "$(TARGET_NAME)";
				SWIFT_VERSION = 4.0;
				TARGETED_DEVICE_FAMILY = "1,2";
			};
			name = Release;
		};
/* End XCBuildConfiguration section */

/* Begin XCConfigurationList section */
		FA15F2E61F4E63E50051A334 /* Build configuration list for PBXProject "WongFu Store" */ = {
			isa = XCConfigurationList;
			buildConfigurations = (
				FA15F2FB1F4E63E50051A334 /* Debug */,
				FA15F2FC1F4E63E50051A334 /* Release */,
			);
			defaultConfigurationIsVisible = 0;
			defaultConfigurationName = Release;
		};
		FA15F2FD1F4E63E50051A334 /* Build configuration list for PBXNativeTarget "WongFu Store" */ = {
			isa = XCConfigurationList;
			buildConfigurations = (
				FA15F2FE1F4E63E50051A334 /* Debug */,
				FA15F2FF1F4E63E50051A334 /* Release */,
			);
			defaultConfigurationIsVisible = 0;
			defaultConfigurationName = Release;
		};
/* End XCConfigurationList section */
	};
	rootObject = FA15F2E31F4E63E50051A334 /* Project object */;
}
